// !$*UTF8*$!
{
	archiveVersion = 1;
	classes = {
	};
	objectVersion = 46;
	objects = {

/* Begin PBXBuildFile section */
		9D38727D20D6F67A00E6C27F /* AZSearchViewDefaults.swift in Sources */ = {isa = PBXBuildFile; fileRef = 9D38727C20D6F67A00E6C27F /* AZSearchViewDefaults.swift */; };
		9D38727F20D6F6CA00E6C27F /* AZSearchViewDelegate.swift in Sources */ = {isa = PBXBuildFile; fileRef = 9D38727E20D6F6CA00E6C27F /* AZSearchViewDelegate.swift */; };
		9D38728220D6F7A700E6C27F /* AZSearchViewDataSource.swift in Sources */ = {isa = PBXBuildFile; fileRef = 9D38728120D6F7A700E6C27F /* AZSearchViewDataSource.swift */; };
		9D66AA9B1E1D7AD100D8BD92 /* AppDelegate.swift in Sources */ = {isa = PBXBuildFile; fileRef = 9D66AA9A1E1D7AD100D8BD92 /* AppDelegate.swift */; };
		9D66AA9D1E1D7AD100D8BD92 /* ViewController.swift in Sources */ = {isa = PBXBuildFile; fileRef = 9D66AA9C1E1D7AD100D8BD92 /* ViewController.swift */; };
		9D66AAA01E1D7AD100D8BD92 /* Main.storyboard in Resources */ = {isa = PBXBuildFile; fileRef = 9D66AA9E1E1D7AD100D8BD92 /* Main.storyboard */; };
		9D66AAA21E1D7AD100D8BD92 /* Assets.xcassets in Resources */ = {isa = PBXBuildFile; fileRef = 9D66AAA11E1D7AD100D8BD92 /* Assets.xcassets */; };
		9D66AAA51E1D7AD100D8BD92 /* LaunchScreen.storyboard in Resources */ = {isa = PBXBuildFile; fileRef = 9D66AAA31E1D7AD100D8BD92 /* LaunchScreen.storyboard */; };
		9D66AAB61E1EAA2E00D8BD92 /* AZSearchViewController.swift in Sources */ = {isa = PBXBuildFile; fileRef = 9D66AAB41E1EAA2E00D8BD92 /* AZSearchViewController.swift */; };
/* End PBXBuildFile section */

/* Begin PBXFileReference section */
		9D38727C20D6F67A00E6C27F /* AZSearchViewDefaults.swift */ = {isa = PBXFileReference; lastKnownFileType = sourcecode.swift; path = AZSearchViewDefaults.swift; sourceTree = "<group>"; };
		9D38727E20D6F6CA00E6C27F /* AZSearchViewDelegate.swift */ = {isa = PBXFileReference; lastKnownFileType = sourcecode.swift; path = AZSearchViewDelegate.swift; sourceTree = "<group>"; };
		9D38728120D6F7A700E6C27F /* AZSearchViewDataSource.swift */ = {isa = PBXFileReference; lastKnownFileType = sourcecode.swift; path = AZSearchViewDataSource.swift; sourceTree = "<group>"; };
		9D66AA971E1D7AD100D8BD92 /* AZSearchViewController.app */ = {isa = PBXFileReference; explicitFileType = wrapper.application; includeInIndex = 0; path = AZSearchViewController.app; sourceTree = BUILT_PRODUCTS_DIR; };
		9D66AA9A1E1D7AD100D8BD92 /* AppDelegate.swift */ = {isa = PBXFileReference; lastKnownFileType = sourcecode.swift; path = AppDelegate.swift; sourceTree = "<group>"; };
		9D66AA9C1E1D7AD100D8BD92 /* ViewController.swift */ = {isa = PBXFileReference; lastKnownFileType = sourcecode.swift; path = ViewController.swift; sourceTree = "<group>"; };
		9D66AA9F1E1D7AD100D8BD92 /* Base */ = {isa = PBXFileReference; lastKnownFileType = file.storyboard; name = Base; path = Base.lproj/Main.storyboard; sourceTree = "<group>"; };
		9D66AAA11E1D7AD100D8BD92 /* Assets.xcassets */ = {isa = PBXFileReference; lastKnownFileType = folder.assetcatalog; path = Assets.xcassets; sourceTree = "<group>"; };
		9D66AAA41E1D7AD100D8BD92 /* Base */ = {isa = PBXFileReference; lastKnownFileType = file.storyboard; name = Base; path = Base.lproj/LaunchScreen.storyboard; sourceTree = "<group>"; };
		9D66AAA61E1D7AD100D8BD92 /* Info.plist */ = {isa = PBXFileReference; lastKnownFileType = text.plist.xml; path = Info.plist; sourceTree = "<group>"; };
		9D66AAB41E1EAA2E00D8BD92 /* AZSearchViewController.swift */ = {isa = PBXFileReference; fileEncoding = 4; lastKnownFileType = sourcecode.swift; path = AZSearchViewController.swift; sourceTree = "<group>"; };
/* End PBXFileReference section */

/* Begin PBXFrameworksBuildPhase section */
		9D66AA941E1D7AD100D8BD92 /* Frameworks */ = {
			isa = PBXFrameworksBuildPhase;
			buildActionMask = 2147483647;
			files = (
			);
			runOnlyForDeploymentPostprocessing = 0;
		};
/* End PBXFrameworksBuildPhase section */

/* Begin PBXGroup section */
		9D66AA8E1E1D7AD100D8BD92 = {
			isa = PBXGroup;
			children = (
				9D66AAB21E1EAA2E00D8BD92 /* src */,
				9D66AA991E1D7AD100D8BD92 /* AZSearchViewController */,
				9D66AA981E1D7AD100D8BD92 /* Products */,
			);
			sourceTree = "<group>";
		};
		9D66AA981E1D7AD100D8BD92 /* Products */ = {
			isa = PBXGroup;
			children = (
				9D66AA971E1D7AD100D8BD92 /* AZSearchViewController.app */,
			);
			name = Products;
			sourceTree = "<group>";
		};
		9D66AA991E1D7AD100D8BD92 /* AZSearchViewController */ = {
			isa = PBXGroup;
			children = (
				9D66AA9A1E1D7AD100D8BD92 /* AppDelegate.swift */,
				9D66AA9C1E1D7AD100D8BD92 /* ViewController.swift */,
				9D66AA9E1E1D7AD100D8BD92 /* Main.storyboard */,
				9D66AAA11E1D7AD100D8BD92 /* Assets.xcassets */,
				9D66AAA31E1D7AD100D8BD92 /* LaunchScreen.storyboard */,
				9D66AAA61E1D7AD100D8BD92 /* Info.plist */,
			);
			path = AZSearchViewController;
			sourceTree = "<group>";
		};
		9D66AAB21E1EAA2E00D8BD92 /* src */ = {
			isa = PBXGroup;
			children = (
				9D66AAB41E1EAA2E00D8BD92 /* AZSearchViewController.swift */,
				9D38727C20D6F67A00E6C27F /* AZSearchViewDefaults.swift */,
				9D38727E20D6F6CA00E6C27F /* AZSearchViewDelegate.swift */,
				9D38728120D6F7A700E6C27F /* AZSearchViewDataSource.swift */,
			);
			path = src;
			sourceTree = "<group>";
		};
/* End PBXGroup section */

/* Begin PBXNativeTarget section */
		9D66AA961E1D7AD100D8BD92 /* AZSearchViewController */ = {
			isa = PBXNativeTarget;
			buildConfigurationList = 9D66AAA91E1D7AD100D8BD92 /* Build configuration list for PBXNativeTarget "AZSearchViewController" */;
			buildPhases = (
				9D66AA931E1D7AD100D8BD92 /* Sources */,
				9D66AA941E1D7AD100D8BD92 /* Frameworks */,
				9D66AA951E1D7AD100D8BD92 /* Resources */,
			);
			buildRules = (
			);
			dependencies = (
			);
			name = AZSearchViewController;
			productName = AZSearchViewController;
			productReference = 9D66AA971E1D7AD100D8BD92 /* AZSearchViewController.app */;
			productType = "com.apple.product-type.application";
		};
/* End PBXNativeTarget section */

/* Begin PBXProject section */
		9D66AA8F1E1D7AD100D8BD92 /* Project object */ = {
			isa = PBXProject;
			attributes = {
				LastSwiftUpdateCheck = 0800;
				LastUpgradeCheck = 0800;
				ORGANIZATIONNAME = "Antonio Zaitoun";
				TargetAttributes = {
					9D66AA961E1D7AD100D8BD92 = {
						CreatedOnToolsVersion = 8.0;
						DevelopmentTeam = 35DWKWL79J;
						ProvisioningStyle = Automatic;
					};
				};
			};
			buildConfigurationList = 9D66AA921E1D7AD100D8BD92 /* Build configuration list for PBXProject "AZSearchViewController" */;
			compatibilityVersion = "Xcode 3.2";
			developmentRegion = English;
			hasScannedForEncodings = 0;
			knownRegions = (
				en,
				Base,
			);
			mainGroup = 9D66AA8E1E1D7AD100D8BD92;
			productRefGroup = 9D66AA981E1D7AD100D8BD92 /* Products */;
			projectDirPath = "";
			projectRoot = "";
			targets = (
				9D66AA961E1D7AD100D8BD92 /* AZSearchViewController */,
			);
		};
/* End PBXProject section */

/* Begin PBXResourcesBuildPhase section */
		9D66AA951E1D7AD100D8BD92 /* Resources */ = {
			isa = PBXResourcesBuildPhase;
			buildActionMask = 2147483647;
			files = (
				9D66AAA51E1D7AD100D8BD92 /* LaunchScreen.storyboard in Resources */,
				9D66AAA21E1D7AD100D8BD92 /* Assets.xcassets in Resources */,
				9D66AAA01E1D7AD100D8BD92 /* Main.storyboard in Resources */,
			);
			runOnlyForDeploymentPostprocessing = 0;
		};
/* End PBXResourcesBuildPhase section */

/* Begin PBXSourcesBuildPhase section */
		9D66AA931E1D7AD100D8BD92 /* Sources */ = {
			isa = PBXSourcesBuildPhase;
			buildActionMask = 2147483647;
			files = (
				9D66AA9D1E1D7AD100D8BD92 /* ViewController.swift in Sources */,
				9D38727D20D6F67A00E6C27F /* AZSearchViewDefaults.swift in Sources */,
				9D38728220D6F7A700E6C27F /* AZSearchViewDataSource.swift in Sources */,
				9D38727F20D6F6CA00E6C27F /* AZSearchViewDelegate.swift in Sources */,
				9D66AAB61E1EAA2E00D8BD92 /* AZSearchViewController.swift in Sources */,
				9D66AA9B1E1D7AD100D8BD92 /* AppDelegate.swift in Sources */,
			);
			runOnlyForDeploymentPostprocessing = 0;
		};
/* End PBXSourcesBuildPhase section */

/* Begin PBXVariantGroup section */
		9D66AA9E1E1D7AD100D8BD92 /* Main.storyboard */ = {
			isa = PBXVariantGroup;
			children = (
				9D66AA9F1E1D7AD100D8BD92 /* Base */,
			);
			name = Main.storyboard;
			sourceTree = "<group>";
		};
		9D66AAA31E1D7AD100D8BD92 /* LaunchScreen.storyboard */ = {
			isa = PBXVariantGroup;
			children = (
				9D66AAA41E1D7AD100D8BD92 /* Base */,
			);
			name = LaunchScreen.storyboard;
			sourceTree = "<group>";
		};
/* End PBXVariantGroup section */

/* Begin XCBuildConfiguration section */
		9D66AAA71E1D7AD100D8BD92 /* Debug */ = {
			isa = XCBuildConfiguration;
			buildSettings = {
				ALWAYS_SEARCH_USER_PATHS = NO;
				CLANG_ANALYZER_NONNULL = YES;
				CLANG_CXX_LANGUAGE_STANDARD = "gnu++0x";
				CLANG_CXX_LIBRARY = "libc++";
				CLANG_ENABLE_MODULES = YES;
				CLANG_ENABLE_OBJC_ARC = YES;
				CLANG_WARN_BOOL_CONVERSION = YES;
				CLANG_WARN_CONSTANT_CONVERSION = YES;
				CLANG_WARN_DIRECT_OBJC_ISA_USAGE = YES_ERROR;
				CLANG_WARN_DOCUMENTATION_COMMENTS = YES;
				CLANG_WARN_EMPTY_BODY = YES;
				CLANG_WARN_ENUM_CONVERSION = YES;
				CLANG_WARN_INFINITE_RECURSION = YES;
				CLANG_WARN_INT_CONVERSION = YES;
				CLANG_WARN_OBJC_ROOT_CLASS = YES_ERROR;
				CLANG_WARN_SUSPICIOUS_MOVES = YES;
				CLANG_WARN_UNREACHABLE_CODE = YES;
				CLANG_WARN__DUPLICATE_METHOD_MATCH = YES;
				"CODE_SIGN_IDENTITY[sdk=iphoneos*]" = "iPhone Developer";
				COPY_PHASE_STRIP = NO;
				DEBUG_INFORMATION_FORMAT = dwarf;
				ENABLE_STRICT_OBJC_MSGSEND = YES;
				ENABLE_TESTABILITY = YES;
				GCC_C_LANGUAGE_STANDARD = gnu99;
				GCC_DYNAMIC_NO_PIC = NO;
				GCC_NO_COMMON_BLOCKS = YES;
				GCC_OPTIMIZATION_LEVEL = 0;
				GCC_PREPROCESSOR_DEFINITIONS = (
					"DEBUG=1",
					"$(inherited)",
				);
				GCC_WARN_64_TO_32_BIT_CONVERSION = YES;
				GCC_WARN_ABOUT_RETURN_TYPE = YES_ERROR;
				GCC_WARN_UNDECLARED_SELECTOR = YES;
				GCC_WARN_UNINITIALIZED_AUTOS = YES_AGGRESSIVE;
				GCC_WARN_UNUSED_FUNCTION = YES;
				GCC_WARN_UNUSED_VARIABLE = YES;
				IPHONEOS_DEPLOYMENT_TARGET = 10.0;
				MTL_ENABLE_DEBUG_INFO = YES;
				ONLY_ACTIVE_ARCH = YES;
				SDKROOT = iphoneos;
				SWIFT_ACTIVE_COMPILATION_CONDITIONS = DEBUG;
				SWIFT_OPTIMIZATION_LEVEL = "-Onone";
			};
			name = Debug;
		};
		9D66AAA81E1D7AD100D8BD92 /* Release */ = {
			isa = XCBuildConfiguration;
			buildSettings = {
				ALWAYS_SEARCH_USER_PATHS = NO;
				CLANG_ANALYZER_NONNULL = YES;
				CLANG_CXX_LANGUAGE_STANDARD = "gnu++0x";
				CLANG_CXX_LIBRARY = "libc++";
				CLANG_ENABLE_MODULES = YES;
				CLANG_ENABLE_OBJC_ARC = YES;
				CLANG_WARN_BOOL_CONVERSION = YES;
				CLANG_WARN_CONSTANT_CONVERSION = YES;
				CLANG_WARN_DIRECT_OBJC_ISA_USAGE = YES_ERROR;
				CLANG_WARN_DOCUMENTATION_COMMENTS = YES;
				CLANG_WARN_EMPTY_BODY = YES;
				CLANG_WARN_ENUM_CONVERSION = YES;
				CLANG_WARN_INFINITE_RECURSION = YES;
				CLANG_WARN_INT_CONVERSION = YES;
				CLANG_WARN_OBJC_ROOT_CLASS = YES_ERROR;
				CLANG_WARN_SUSPICIOUS_MOVES = YES;
				CLANG_WARN_UNREACHABLE_CODE = YES;
				CLANG_WARN__DUPLICATE_METHOD_MATCH = YES;
				"CODE_SIGN_IDENTITY[sdk=iphoneos*]" = "iPhone Developer";
				COPY_PHASE_STRIP = NO;
				DEBUG_INFORMATION_FORMAT = "dwarf-with-dsym";
				ENABLE_NS_ASSERTIONS = NO;
				ENABLE_STRICT_OBJC_MSGSEND = YES;
				GCC_C_LANGUAGE_STANDARD = gnu99;
				GCC_NO_COMMON_BLOCKS = YES;
				GCC_WARN_64_TO_32_BIT_CONVERSION = YES;
				GCC_WARN_ABOUT_RETURN_TYPE = YES_ERROR;
				GCC_WARN_UNDECLARED_SELECTOR = YES;
				GCC_WARN_UNINITIALIZED_AUTOS = YES_AGGRESSIVE;
				GCC_WARN_UNUSED_FUNCTION = YES;
				GCC_WARN_UNUSED_VARIABLE = YES;
				IPHONEOS_DEPLOYMENT_TARGET = 10.0;
				MTL_ENABLE_DEBUG_INFO = NO;
				SDKROOT = iphoneos;
				SWIFT_OPTIMIZATION_LEVEL = "-Owholemodule";
				VALIDATE_PRODUCT = YES;
			};
			name = Release;
		};
		9D66AAAA1E1D7AD100D8BD92 /* Debug */ = {
			isa = XCBuildConfiguration;
			buildSettings = {
				ASSETCATALOG_COMPILER_APPICON_NAME = AppIcon;
				DEVELOPMENT_TEAM = 35DWKWL79J;
				INFOPLIST_FILE = AZSearchViewController/Info.plist;
				LD_RUNPATH_SEARCH_PATHS = "$(inherited) @executable_path/Frameworks";
				PRODUCT_BUNDLE_IDENTIFIER = mobi.newsound.AZSearchViewController;
				PRODUCT_NAME = "$(TARGET_NAME)";
				SWIFT_VERSION = 4.0;
			};
			name = Debug;
		};
		9D66AAAB1E1D7AD100D8BD92 /* Release */ = {
			isa = XCBuildConfiguration;
			buildSettings = {
				ASSETCATALOG_COMPILER_APPICON_NAME = AppIcon;
				DEVELOPMENT_TEAM = 35DWKWL79J;
				INFOPLIST_FILE = AZSearchViewController/Info.plist;
				LD_RUNPATH_SEARCH_PATHS = "$(inherited) @executable_path/Frameworks";
				PRODUCT_BUNDLE_IDENTIFIER = mobi.newsound.AZSearchViewController;
				PRODUCT_NAME = "$(TARGET_NAME)";
				SWIFT_VERSION = 4.0;
			};
			name = Release;
		};
/* End XCBuildConfiguration section */

/* Begin XCConfigurationList section */
		9D66AA921E1D7AD100D8BD92 /* Build configuration list for PBXProject "AZSearchViewController" */ = {
			isa = XCConfigurationList;
			buildConfigurations = (
				9D66AAA71E1D7AD100D8BD92 /* Debug */,
				9D66AAA81E1D7AD100D8BD92 /* Release */,
			);
			defaultConfigurationIsVisible = 0;
			defaultConfigurationName = Release;
		};
		9D66AAA91E1D7AD100D8BD92 /* Build configuration list for PBXNativeTarget "AZSearchViewController" */ = {
			isa = XCConfigurationList;
			buildConfigurations = (
				9D66AAAA1E1D7AD100D8BD92 /* Debug */,
				9D66AAAB1E1D7AD100D8BD92 /* Release */,
			);
			defaultConfigurationIsVisible = 0;
			defaultConfigurationName = Release;
		};
/* End XCConfigurationList section */
	};
	rootObject = 9D66AA8F1E1D7AD100D8BD92 /* Project object */;
}
